{
  "name": "repo-baseline-oliverlorenz",
  "version": "0.0.1",
  "lockfileVersion": 1,
  "requires": true,
  "dependencies": {
    "bluebird": {
      "version": "3.5.2",
      "resolved": "https://registry.npmjs.org/bluebird/-/bluebird-3.5.2.tgz",
      "integrity": "sha512-dhHTWMI7kMx5whMQntl7Vr9C6BvV10lFXDAasnqnrMYhXVCzzk6IO9Fo2L75jXHT07WrOngL1WDXOp+yYS91Yg=="
    },
    "repo-baseline-file-available": {
      "version": "1.0.6",
      "resolved": "https://registry.npmjs.org/repo-baseline-file-available/-/repo-baseline-file-available-1.0.6.tgz",
      "integrity": "sha512-a7XList5yRzdDC5LC7NuMW3dscfne4Za0HoW46mgyBKY313MAYruxCFvFeeJ+8UQzhjLHZt+8ylkHjjmJhgT+A==",
      "requires": {
        "bluebird": "3.5.2"
      }
    }
  }
}
