{
  "name": "repo-baseline-ruleset-plugins",
  "version": "0.0.1",
  "lockfileVersion": 1,
  "requires": true,
  "dependencies": {
    "repo-baseline-codeclimate-badges": {
      "version": "1.0.5",
      "resolved": "https://registry.npmjs.org/repo-baseline-codeclimate-badges/-/repo-baseline-codeclimate-badges-1.0.5.tgz",
      "integrity": "sha512-X8c3kI3EDRusVSkIG/en2id9EIO3b7qKzoorGWhpdP2htXi0IRrLVVZwtmxnbKsxw85O+7n/l3EIumrE5+KOPw==",
      "dev": true
    },
    "repo-baseline-david-dm": {
      "version": "1.0.2",
      "resolved": "https://registry.npmjs.org/repo-baseline-david-dm/-/repo-baseline-david-dm-1.0.2.tgz",
      "integrity": "sha512-evn3rfZl5v+fE99gFJ7qzjqksbS0JjhyK3aCIROlG2VPPJrZLSDeJQqJ/1dg3gHI5NCOaWLick+k7slOj4gLRQ==",
      "dev": true
    },
    "repo-baseline-semantic-release": {
      "version": "0.0.0",
      "resolved": "https://registry.npmjs.org/repo-baseline-semantic-release/-/repo-baseline-semantic-release-0.0.0.tgz",
      "integrity": "sha512-sY1m2VWSbbhnF7hqzZFataNMBz+HBIlEbA07DWmWgg1ZEyN7TlbCktVXGRmEOSf5NGrrSdEmIZqaA/QMKbjy3w==",
      "dev": true
    },
    "repo-baseline-travis": {
      "version": "1.0.6",
      "resolved": "https://registry.npmjs.org/repo-baseline-travis/-/repo-baseline-travis-1.0.6.tgz",
      "integrity": "sha512-vPWZvU29mHQ54BBlqxk5yjWlTCf8tpSCnhUJQsJibuyCOL5gNnQF+nKPJLb7N7EqjlofcS0a4OW/NH3bNikFNg==",
      "dev": true
    }
  }
}
